
Microsoft Visual Studio Solution File, Format Version 12.00
# Visual Studio Version 16
VisualStudioVersion = 16.0.31729.503
MinimumVisualStudioVersion = 10.0.40219.1
Project("{9A19103F-16F7-4668-BE54-9A1E7A4F7556}") = "SynchUtils", "SynchUtils\SynchUtils.csproj", "{AC1A6C1A-0C7D-465F-87DE-950883975686}"
EndProject
Project("{9A19103F-16F7-4668-BE54-9A1E7A4F7556}") = "Monitors", "Monitors\Monitors.csproj", "{5DDD8414-0458-409C-8CDB-17E185F786FA}"
EndProject
Project("{9A19103F-16F7-4668-BE54-9A1E7A4F7556}") = "MemoryModel", "MemoryModel\MemoryModel.csproj", "{DDF5BF87-D74C-4BC6-8259-5613E4EA129D}"
EndProject
Project("{9A19103F-16F7-4668-BE54-9A1E7A4F7556}") = "Aula-12-03-AsyncIntro", "Aula-12-03\Aula-12-03-AsyncIntro.csproj", "{AA401D45-E3EB-434A-A1A3-9092061C8E47}"
EndProject
Project("{9A19103F-16F7-4668-BE54-9A1E7A4F7556}") = "Aula-12-10-AsyncIntroTests", "Aula-12-10-AsyncIntroTests\Aula-12-10-AsyncIntroTests.csproj", "{748339BF-15C5-4FD8-B80D-89EF8DB96AC6}"
EndProject
Project("{9A19103F-16F7-4668-BE54-9A1E7A4F7556}") = "Aula-12-10-AsyncIntro2", "Aula-12-10-AsynIntro2\Aula-12-10-AsyncIntro2.csproj", "{DE9E4FBF-AE37-4153-B01B-FD90423069F7}"
EndProject
Project("{9A19103F-16F7-4668-BE54-9A1E7A4F7556}") = "Aula-12-15-AsyncMethods", "Aula-12-15-AsyncMethods\Aula-12-15-AsyncMethods.csproj", "{B3271644-97C0-4D53-A0C9-3B03C1455A31}"
EndProject
Project("{9A19103F-16F7-4668-BE54-9A1E7A4F7556}") = "Aula-12-15-AsyncMethodsTests", "Aula-12-15-AsyncMethodsTests\Aula-12-15-AsyncMethodsTests.csproj", "{2B9085B3-12B6-4C5A-9D4F-6968AE8390B8}"
EndProject
Project("{9A19103F-16F7-4668-BE54-9A1E7A4F7556}") = "Aula-12-17-AsyncMethodsAndAsynchronizers", "Aula-12-17-AsyncMethodsAndAsynchronizers\Aula-12-17-AsyncMethodsAndAsynchronizers.csproj", "{50FF194C-EA7C-4BEF-8F40-E8B0ED7F02AF}"
EndProject
Project("{FAE04EC0-301F-11D3-BF4B-00C04F79EFBC}") = "Aula-01-05-MoreAsync", "Aula-01-05-MoreAsync\Aula-01-05-MoreAsync.csproj", "{8A6FA767-311F-488C-ADFD-AE55C19A3067}"
EndProject
Project("{FAE04EC0-301F-11D3-BF4B-00C04F79EFBC}") = "Aula-01-05-AsyncSemaphoreNunitTests", "Aula-01-05-AsyncSemaphoreNunitTests\Aula-01-05-AsyncSemaphoreNunitTests.csproj", "{CE72C755-A2E4-4497-9C64-CBE5E4239A37}"
EndProject
Project("{9A19103F-16F7-4668-BE54-9A1E7A4F7556}") = "Aula-12-10-ShowFavIconAsync", "Aula-12-10-ShowFavIconAsync\Aula-12-10-ShowFavIconAsync.csproj", "{2F4FF8BD-52A6-4280-BAEA-42DFD4414AAE}"
EndProject
Global
	GlobalSection(SolutionConfigurationPlatforms) = preSolution
		Debug|Any CPU = Debug|Any CPU
		Release|Any CPU = Release|Any CPU
	EndGlobalSection
	GlobalSection(ProjectConfigurationPlatforms) = postSolution
		{AC1A6C1A-0C7D-465F-87DE-950883975686}.Debug|Any CPU.ActiveCfg = Debug|Any CPU
		{AC1A6C1A-0C7D-465F-87DE-950883975686}.Debug|Any CPU.Build.0 = Debug|Any CPU
		{AC1A6C1A-0C7D-465F-87DE-950883975686}.Release|Any CPU.ActiveCfg = Release|Any CPU
		{AC1A6C1A-0C7D-465F-87DE-950883975686}.Release|Any CPU.Build.0 = Release|Any CPU
		{5DDD8414-0458-409C-8CDB-17E185F786FA}.Debug|Any CPU.ActiveCfg = Debug|Any CPU
		{5DDD8414-0458-409C-8CDB-17E185F786FA}.Debug|Any CPU.Build.0 = Debug|Any CPU
		{5DDD8414-0458-409C-8CDB-17E185F786FA}.Release|Any CPU.ActiveCfg = Release|Any CPU
		{5DDD8414-0458-409C-8CDB-17E185F786FA}.Release|Any CPU.Build.0 = Release|Any CPU
		{DDF5BF87-D74C-4BC6-8259-5613E4EA129D}.Debug|Any CPU.ActiveCfg = Debug|Any CPU
		{DDF5BF87-D74C-4BC6-8259-5613E4EA129D}.Debug|Any CPU.Build.0 = Debug|Any CPU
		{DDF5BF87-D74C-4BC6-8259-5613E4EA129D}.Release|Any CPU.ActiveCfg = Release|Any CPU
		{DDF5BF87-D74C-4BC6-8259-5613E4EA129D}.Release|Any CPU.Build.0 = Release|Any CPU
		{AA401D45-E3EB-434A-A1A3-9092061C8E47}.Debug|Any CPU.ActiveCfg = Debug|Any CPU
		{AA401D45-E3EB-434A-A1A3-9092061C8E47}.Debug|Any CPU.Build.0 = Debug|Any CPU
		{AA401D45-E3EB-434A-A1A3-9092061C8E47}.Release|Any CPU.ActiveCfg = Release|Any CPU
		{AA401D45-E3EB-434A-A1A3-9092061C8E47}.Release|Any CPU.Build.0 = Release|Any CPU
		{748339BF-15C5-4FD8-B80D-89EF8DB96AC6}.Debug|Any CPU.ActiveCfg = Debug|Any CPU
		{748339BF-15C5-4FD8-B80D-89EF8DB96AC6}.Debug|Any CPU.Build.0 = Debug|Any CPU
		{748339BF-15C5-4FD8-B80D-89EF8DB96AC6}.Release|Any CPU.ActiveCfg = Release|Any CPU
		{748339BF-15C5-4FD8-B80D-89EF8DB96AC6}.Release|Any CPU.Build.0 = Release|Any CPU
		{DE9E4FBF-AE37-4153-B01B-FD90423069F7}.Debug|Any CPU.ActiveCfg = Debug|Any CPU
		{DE9E4FBF-AE37-4153-B01B-FD90423069F7}.Debug|Any CPU.Build.0 = Debug|Any CPU
		{DE9E4FBF-AE37-4153-B01B-FD90423069F7}.Release|Any CPU.ActiveCfg = Release|Any CPU
		{DE9E4FBF-AE37-4153-B01B-FD90423069F7}.Release|Any CPU.Build.0 = Release|Any CPU
		{B3271644-97C0-4D53-A0C9-3B03C1455A31}.Debug|Any CPU.ActiveCfg = Debug|Any CPU
		{B3271644-97C0-4D53-A0C9-3B03C1455A31}.Debug|Any CPU.Build.0 = Debug|Any CPU
		{B3271644-97C0-4D53-A0C9-3B03C1455A31}.Release|Any CPU.ActiveCfg = Release|Any CPU
		{B3271644-97C0-4D53-A0C9-3B03C1455A31}.Release|Any CPU.Build.0 = Release|Any CPU
		{2B9085B3-12B6-4C5A-9D4F-6968AE8390B8}.Debug|Any CPU.ActiveCfg = Debug|Any CPU
		{2B9085B3-12B6-4C5A-9D4F-6968AE8390B8}.Debug|Any CPU.Build.0 = Debug|Any CPU
		{2B9085B3-12B6-4C5A-9D4F-6968AE8390B8}.Release|Any CPU.ActiveCfg = Release|Any CPU
		{2B9085B3-12B6-4C5A-9D4F-6968AE8390B8}.Release|Any CPU.Build.0 = Release|Any CPU
		{50FF194C-EA7C-4BEF-8F40-E8B0ED7F02AF}.Debug|Any CPU.ActiveCfg = Debug|Any CPU
		{50FF194C-EA7C-4BEF-8F40-E8B0ED7F02AF}.Debug|Any CPU.Build.0 = Debug|Any CPU
		{50FF194C-EA7C-4BEF-8F40-E8B0ED7F02AF}.Release|Any CPU.ActiveCfg = Release|Any CPU
		{50FF194C-EA7C-4BEF-8F40-E8B0ED7F02AF}.Release|Any CPU.Build.0 = Release|Any CPU
		{8A6FA767-311F-488C-ADFD-AE55C19A3067}.Debug|Any CPU.ActiveCfg = Debug|Any CPU
		{8A6FA767-311F-488C-ADFD-AE55C19A3067}.Debug|Any CPU.Build.0 = Debug|Any CPU
		{8A6FA767-311F-488C-ADFD-AE55C19A3067}.Release|Any CPU.ActiveCfg = Release|Any CPU
		{8A6FA767-311F-488C-ADFD-AE55C19A3067}.Release|Any CPU.Build.0 = Release|Any CPU
		{CE72C755-A2E4-4497-9C64-CBE5E4239A37}.Debug|Any CPU.ActiveCfg = Debug|Any CPU
		{CE72C755-A2E4-4497-9C64-CBE5E4239A37}.Debug|Any CPU.Build.0 = Debug|Any CPU
		{CE72C755-A2E4-4497-9C64-CBE5E4239A37}.Release|Any CPU.ActiveCfg = Release|Any CPU
		{CE72C755-A2E4-4497-9C64-CBE5E4239A37}.Release|Any CPU.Build.0 = Release|Any CPU
		{2F4FF8BD-52A6-4280-BAEA-42DFD4414AAE}.Debug|Any CPU.ActiveCfg = Debug|Any CPU
		{2F4FF8BD-52A6-4280-BAEA-42DFD4414AAE}.Debug|Any CPU.Build.0 = Debug|Any CPU
		{2F4FF8BD-52A6-4280-BAEA-42DFD4414AAE}.Release|Any CPU.ActiveCfg = Release|Any CPU
		{2F4FF8BD-52A6-4280-BAEA-42DFD4414AAE}.Release|Any CPU.Build.0 = Release|Any CPU
	EndGlobalSection
	GlobalSection(SolutionProperties) = preSolution
		HideSolutionNode = FALSE
	EndGlobalSection
	GlobalSection(ExtensibilityGlobals) = postSolution
		SolutionGuid = {29872E1B-843A-43BC-A4B7-9B0EFB2E40CA}
	EndGlobalSection
EndGlobal
